
Microsoft Visual Studio Solution File, Format Version 11.00
# Visual Studio 2010
Project("{FAE04EC0-301F-11D3-BF4B-00C04F79EFBC}") = "BlogMVCDemo", "BlogMVCDemo\BlogMVCDemo.csproj", "{20B27DB6-C654-4AD2-9041-740A6A664FCF}"
EndProject
Global
	GlobalSection(SolutionConfigurationPlatforms) = preSolution
		Debug|Any CPU = Debug|Any CPU
		Release|Any CPU = Release|Any CPU
	EndGlobalSection
	GlobalSection(ProjectConfigurationPlatforms) = postSolution
		{20B27DB6-C654-4AD2-9041-740A6A664FCF}.Debug|Any CPU.ActiveCfg = Debug|Any CPU
		{20B27DB6-C654-4AD2-9041-740A6A664FCF}.Debug|Any CPU.Build.0 = Debug|Any CPU
		{20B27DB6-C654-4AD2-9041-740A6A664FCF}.Release|Any CPU.ActiveCfg = Release|Any CPU
		{20B27DB6-C654-4AD2-9041-740A6A664FCF}.Release|Any CPU.Build.0 = Release|Any CPU
	EndGlobalSection
	GlobalSection(SolutionProperties) = preSolution
		HideSolutionNode = FALSE
	EndGlobalSection
EndGlobal
