
Microsoft Visual Studio Solution File, Format Version 11.00
# Visual Studio 2010
Project("{FAE04EC0-301F-11D3-BF4B-00C04F79EFBC}") = "FlashCard", "FlashCard\FlashCard.csproj", "{12E8717A-F3D1-4830-B3B9-C4141376D6A0}"
EndProject
Project("{2150E333-8FDC-42A3-9474-1A3956D46DE8}") = "FlashCard.Core", "FlashCard.Core", "{2C70907B-92F6-4E6F-A318-974324EED0B1}"
EndProject
Project("{FAE04EC0-301F-11D3-BF4B-00C04F79EFBC}") = "NotifyIconWpf", "FlashCare.Core\NotifyIconWpf\NotifyIconWpf.csproj", "{7AC63864-7638-41C4-969C-D3197EF2BED9}"
EndProject
Project("{2150E333-8FDC-42A3-9474-1A3956D46DE8}") = "FlashCard.Data", "FlashCard.Data", "{AB064C38-F98E-4118-91C6-29DF7DC5E0FA}"
EndProject
Project("{FAE04EC0-301F-11D3-BF4B-00C04F79EFBC}") = "FlashCard.DataAccess", "FlashCard.Data\FlashCard.DataAccess\FlashCard.DataAccess.csproj", "{2660BA4D-E3AF-4038-855D-AB1F2C045ECD}"
EndProject
Project("{FAE04EC0-301F-11D3-BF4B-00C04F79EFBC}") = "FlashCard.Model", "FlashCard.Data\FlashCard.Model\FlashCard.Model.csproj", "{B8E967AC-4DF6-4247-83E6-BC9589AD2E15}"
EndProject
Project("{FAE04EC0-301F-11D3-BF4B-00C04F79EFBC}") = "MVVMHelper", "FlashCare.Core\MVVMHelper\MVVMHelper.csproj", "{92A71D19-F6AE-47CC-9E23-D65BCBB03F8A}"
EndProject
Project("{FAE04EC0-301F-11D3-BF4B-00C04F79EFBC}") = "WpfApplicationFramework", "FlashCare.Core\WpfApplicationFramework\WpfApplicationFramework.csproj", "{27B67DFE-0BF1-4435-B036-E4C083EAEA03}"
EndProject
Project("{FAE04EC0-301F-11D3-BF4B-00C04F79EFBC}") = "Planerator", "FlashCare.Core\Planerator\Planerator.csproj", "{E7D5C246-122C-42E5-89B2-A7A704136B12}"
EndProject
Project("{FAE04EC0-301F-11D3-BF4B-00C04F79EFBC}") = "Thriple", "FlashCare.Core\Thriple\Thriple.csproj", "{50FBA188-212A-400B-803E-D891527CEB15}"
EndProject
Project("{FAE04EC0-301F-11D3-BF4B-00C04F79EFBC}") = "U2UConsult.RichHtmlTextBlock", "FlashCare.Core\U2UConsult.RichHtmlTextBlock\U2UConsult.RichHtmlTextBlock.csproj", "{0FE10AA6-D73E-4C3D-A331-258F21B220E3}"
EndProject
Global
	GlobalSection(TestCaseManagementSettings) = postSolution
		CategoryFile = FlashCard.vsmdi
	EndGlobalSection
	GlobalSection(SolutionConfigurationPlatforms) = preSolution
		Debug|Any CPU = Debug|Any CPU
		Debug|Mixed Platforms = Debug|Mixed Platforms
		Debug|x86 = Debug|x86
		Full|Any CPU = Full|Any CPU
		Full|Mixed Platforms = Full|Mixed Platforms
		Full|x86 = Full|x86
		Incremental|Any CPU = Incremental|Any CPU
		Incremental|Mixed Platforms = Incremental|Mixed Platforms
		Incremental|x86 = Incremental|x86
		JustRun|Any CPU = JustRun|Any CPU
		JustRun|Mixed Platforms = JustRun|Mixed Platforms
		JustRun|x86 = JustRun|x86
		Release|Any CPU = Release|Any CPU
		Release|Mixed Platforms = Release|Mixed Platforms
		Release|x86 = Release|x86
	EndGlobalSection
	GlobalSection(ProjectConfigurationPlatforms) = postSolution
		{12E8717A-F3D1-4830-B3B9-C4141376D6A0}.Debug|Any CPU.ActiveCfg = Debug|x86
		{12E8717A-F3D1-4830-B3B9-C4141376D6A0}.Debug|Mixed Platforms.ActiveCfg = Debug|x86
		{12E8717A-F3D1-4830-B3B9-C4141376D6A0}.Debug|Mixed Platforms.Build.0 = Debug|x86
		{12E8717A-F3D1-4830-B3B9-C4141376D6A0}.Debug|x86.ActiveCfg = Debug|x86
		{12E8717A-F3D1-4830-B3B9-C4141376D6A0}.Debug|x86.Build.0 = Debug|x86
		{12E8717A-F3D1-4830-B3B9-C4141376D6A0}.Full|Any CPU.ActiveCfg = Release|x86
		{12E8717A-F3D1-4830-B3B9-C4141376D6A0}.Full|Mixed Platforms.ActiveCfg = Release|x86
		{12E8717A-F3D1-4830-B3B9-C4141376D6A0}.Full|Mixed Platforms.Build.0 = Release|x86
		{12E8717A-F3D1-4830-B3B9-C4141376D6A0}.Full|x86.ActiveCfg = Release|x86
		{12E8717A-F3D1-4830-B3B9-C4141376D6A0}.Full|x86.Build.0 = Release|x86
		{12E8717A-F3D1-4830-B3B9-C4141376D6A0}.Incremental|Any CPU.ActiveCfg = Release|x86
		{12E8717A-F3D1-4830-B3B9-C4141376D6A0}.Incremental|Mixed Platforms.ActiveCfg = Release|x86
		{12E8717A-F3D1-4830-B3B9-C4141376D6A0}.Incremental|Mixed Platforms.Build.0 = Release|x86
		{12E8717A-F3D1-4830-B3B9-C4141376D6A0}.Incremental|x86.ActiveCfg = Release|x86
		{12E8717A-F3D1-4830-B3B9-C4141376D6A0}.Incremental|x86.Build.0 = Release|x86
		{12E8717A-F3D1-4830-B3B9-C4141376D6A0}.JustRun|Any CPU.ActiveCfg = Release|x86
		{12E8717A-F3D1-4830-B3B9-C4141376D6A0}.JustRun|Mixed Platforms.ActiveCfg = Release|x86
		{12E8717A-F3D1-4830-B3B9-C4141376D6A0}.JustRun|Mixed Platforms.Build.0 = Release|x86
		{12E8717A-F3D1-4830-B3B9-C4141376D6A0}.JustRun|x86.ActiveCfg = Release|x86
		{12E8717A-F3D1-4830-B3B9-C4141376D6A0}.JustRun|x86.Build.0 = Release|x86
		{12E8717A-F3D1-4830-B3B9-C4141376D6A0}.Release|Any CPU.ActiveCfg = Release|x86
		{12E8717A-F3D1-4830-B3B9-C4141376D6A0}.Release|Mixed Platforms.ActiveCfg = Release|x86
		{12E8717A-F3D1-4830-B3B9-C4141376D6A0}.Release|Mixed Platforms.Build.0 = Release|x86
		{12E8717A-F3D1-4830-B3B9-C4141376D6A0}.Release|x86.ActiveCfg = Release|x86
		{12E8717A-F3D1-4830-B3B9-C4141376D6A0}.Release|x86.Build.0 = Release|x86
		{7AC63864-7638-41C4-969C-D3197EF2BED9}.Debug|Any CPU.ActiveCfg = Debug|Any CPU
		{7AC63864-7638-41C4-969C-D3197EF2BED9}.Debug|Any CPU.Build.0 = Debug|Any CPU
		{7AC63864-7638-41C4-969C-D3197EF2BED9}.Debug|Mixed Platforms.ActiveCfg = Debug|Any CPU
		{7AC63864-7638-41C4-969C-D3197EF2BED9}.Debug|Mixed Platforms.Build.0 = Debug|Any CPU
		{7AC63864-7638-41C4-969C-D3197EF2BED9}.Debug|x86.ActiveCfg = Debug|Any CPU
		{7AC63864-7638-41C4-969C-D3197EF2BED9}.Debug|x86.Build.0 = Debug|Any CPU
		{7AC63864-7638-41C4-969C-D3197EF2BED9}.Full|Any CPU.ActiveCfg = Release|Any CPU
		{7AC63864-7638-41C4-969C-D3197EF2BED9}.Full|Any CPU.Build.0 = Release|Any CPU
		{7AC63864-7638-41C4-969C-D3197EF2BED9}.Full|Mixed Platforms.ActiveCfg = Release|Any CPU
		{7AC63864-7638-41C4-969C-D3197EF2BED9}.Full|Mixed Platforms.Build.0 = Release|Any CPU
		{7AC63864-7638-41C4-969C-D3197EF2BED9}.Full|x86.ActiveCfg = Release|Any CPU
		{7AC63864-7638-41C4-969C-D3197EF2BED9}.Incremental|Any CPU.ActiveCfg = Release|Any CPU
		{7AC63864-7638-41C4-969C-D3197EF2BED9}.Incremental|Any CPU.Build.0 = Release|Any CPU
		{7AC63864-7638-41C4-969C-D3197EF2BED9}.Incremental|Mixed Platforms.ActiveCfg = Release|Any CPU
		{7AC63864-7638-41C4-969C-D3197EF2BED9}.Incremental|Mixed Platforms.Build.0 = Release|Any CPU
		{7AC63864-7638-41C4-969C-D3197EF2BED9}.Incremental|x86.ActiveCfg = Release|Any CPU
		{7AC63864-7638-41C4-969C-D3197EF2BED9}.JustRun|Any CPU.ActiveCfg = Release|Any CPU
		{7AC63864-7638-41C4-969C-D3197EF2BED9}.JustRun|Any CPU.Build.0 = Release|Any CPU
		{7AC63864-7638-41C4-969C-D3197EF2BED9}.JustRun|Mixed Platforms.ActiveCfg = Release|Any CPU
		{7AC63864-7638-41C4-969C-D3197EF2BED9}.JustRun|Mixed Platforms.Build.0 = Release|Any CPU
		{7AC63864-7638-41C4-969C-D3197EF2BED9}.JustRun|x86.ActiveCfg = Release|Any CPU
		{7AC63864-7638-41C4-969C-D3197EF2BED9}.Release|Any CPU.ActiveCfg = Release|Any CPU
		{7AC63864-7638-41C4-969C-D3197EF2BED9}.Release|Any CPU.Build.0 = Release|Any CPU
		{7AC63864-7638-41C4-969C-D3197EF2BED9}.Release|Mixed Platforms.ActiveCfg = Release|Any CPU
		{7AC63864-7638-41C4-969C-D3197EF2BED9}.Release|Mixed Platforms.Build.0 = Release|Any CPU
		{7AC63864-7638-41C4-969C-D3197EF2BED9}.Release|x86.ActiveCfg = Release|Any CPU
		{2660BA4D-E3AF-4038-855D-AB1F2C045ECD}.Debug|Any CPU.ActiveCfg = Debug|Any CPU
		{2660BA4D-E3AF-4038-855D-AB1F2C045ECD}.Debug|Any CPU.Build.0 = Debug|Any CPU
		{2660BA4D-E3AF-4038-855D-AB1F2C045ECD}.Debug|Mixed Platforms.ActiveCfg = Debug|Any CPU
		{2660BA4D-E3AF-4038-855D-AB1F2C045ECD}.Debug|Mixed Platforms.Build.0 = Debug|Any CPU
		{2660BA4D-E3AF-4038-855D-AB1F2C045ECD}.Debug|x86.ActiveCfg = Debug|Any CPU
		{2660BA4D-E3AF-4038-855D-AB1F2C045ECD}.Debug|x86.Build.0 = Debug|Any CPU
		{2660BA4D-E3AF-4038-855D-AB1F2C045ECD}.Full|Any CPU.ActiveCfg = Release|Any CPU
		{2660BA4D-E3AF-4038-855D-AB1F2C045ECD}.Full|Any CPU.Build.0 = Release|Any CPU
		{2660BA4D-E3AF-4038-855D-AB1F2C045ECD}.Full|Mixed Platforms.ActiveCfg = Release|Any CPU
		{2660BA4D-E3AF-4038-855D-AB1F2C045ECD}.Full|Mixed Platforms.Build.0 = Release|Any CPU
		{2660BA4D-E3AF-4038-855D-AB1F2C045ECD}.Full|x86.ActiveCfg = Release|Any CPU
		{2660BA4D-E3AF-4038-855D-AB1F2C045ECD}.Incremental|Any CPU.ActiveCfg = Release|Any CPU
		{2660BA4D-E3AF-4038-855D-AB1F2C045ECD}.Incremental|Any CPU.Build.0 = Release|Any CPU
		{2660BA4D-E3AF-4038-855D-AB1F2C045ECD}.Incremental|Mixed Platforms.ActiveCfg = Release|Any CPU
		{2660BA4D-E3AF-4038-855D-AB1F2C045ECD}.Incremental|Mixed Platforms.Build.0 = Release|Any CPU
		{2660BA4D-E3AF-4038-855D-AB1F2C045ECD}.Incremental|x86.ActiveCfg = Release|Any CPU
		{2660BA4D-E3AF-4038-855D-AB1F2C045ECD}.JustRun|Any CPU.ActiveCfg = Release|Any CPU
		{2660BA4D-E3AF-4038-855D-AB1F2C045ECD}.JustRun|Any CPU.Build.0 = Release|Any CPU
		{2660BA4D-E3AF-4038-855D-AB1F2C045ECD}.JustRun|Mixed Platforms.ActiveCfg = Release|Any CPU
		{2660BA4D-E3AF-4038-855D-AB1F2C045ECD}.JustRun|Mixed Platforms.Build.0 = Release|Any CPU
		{2660BA4D-E3AF-4038-855D-AB1F2C045ECD}.JustRun|x86.ActiveCfg = Release|Any CPU
		{2660BA4D-E3AF-4038-855D-AB1F2C045ECD}.Release|Any CPU.ActiveCfg = Release|Any CPU
		{2660BA4D-E3AF-4038-855D-AB1F2C045ECD}.Release|Any CPU.Build.0 = Release|Any CPU
		{2660BA4D-E3AF-4038-855D-AB1F2C045ECD}.Release|Mixed Platforms.ActiveCfg = Release|Any CPU
		{2660BA4D-E3AF-4038-855D-AB1F2C045ECD}.Release|Mixed Platforms.Build.0 = Release|Any CPU
		{2660BA4D-E3AF-4038-855D-AB1F2C045ECD}.Release|x86.ActiveCfg = Release|Any CPU
		{B8E967AC-4DF6-4247-83E6-BC9589AD2E15}.Debug|Any CPU.ActiveCfg = Debug|Any CPU
		{B8E967AC-4DF6-4247-83E6-BC9589AD2E15}.Debug|Any CPU.Build.0 = Debug|Any CPU
		{B8E967AC-4DF6-4247-83E6-BC9589AD2E15}.Debug|Mixed Platforms.ActiveCfg = Debug|Any CPU
		{B8E967AC-4DF6-4247-83E6-BC9589AD2E15}.Debug|Mixed Platforms.Build.0 = Debug|Any CPU
		{B8E967AC-4DF6-4247-83E6-BC9589AD2E15}.Debug|x86.ActiveCfg = Debug|Any CPU
		{B8E967AC-4DF6-4247-83E6-BC9589AD2E15}.Debug|x86.Build.0 = Debug|Any CPU
		{B8E967AC-4DF6-4247-83E6-BC9589AD2E15}.Full|Any CPU.ActiveCfg = Release|Any CPU
		{B8E967AC-4DF6-4247-83E6-BC9589AD2E15}.Full|Any CPU.Build.0 = Release|Any CPU
		{B8E967AC-4DF6-4247-83E6-BC9589AD2E15}.Full|Mixed Platforms.ActiveCfg = Release|Any CPU
		{B8E967AC-4DF6-4247-83E6-BC9589AD2E15}.Full|Mixed Platforms.Build.0 = Release|Any CPU
		{B8E967AC-4DF6-4247-83E6-BC9589AD2E15}.Full|x86.ActiveCfg = Release|Any CPU
		{B8E967AC-4DF6-4247-83E6-BC9589AD2E15}.Incremental|Any CPU.ActiveCfg = Release|Any CPU
		{B8E967AC-4DF6-4247-83E6-BC9589AD2E15}.Incremental|Any CPU.Build.0 = Release|Any CPU
		{B8E967AC-4DF6-4247-83E6-BC9589AD2E15}.Incremental|Mixed Platforms.ActiveCfg = Release|Any CPU
		{B8E967AC-4DF6-4247-83E6-BC9589AD2E15}.Incremental|Mixed Platforms.Build.0 = Release|Any CPU
		{B8E967AC-4DF6-4247-83E6-BC9589AD2E15}.Incremental|x86.ActiveCfg = Release|Any CPU
		{B8E967AC-4DF6-4247-83E6-BC9589AD2E15}.JustRun|Any CPU.ActiveCfg = Release|Any CPU
		{B8E967AC-4DF6-4247-83E6-BC9589AD2E15}.JustRun|Any CPU.Build.0 = Release|Any CPU
		{B8E967AC-4DF6-4247-83E6-BC9589AD2E15}.JustRun|Mixed Platforms.ActiveCfg = Release|Any CPU
		{B8E967AC-4DF6-4247-83E6-BC9589AD2E15}.JustRun|Mixed Platforms.Build.0 = Release|Any CPU
		{B8E967AC-4DF6-4247-83E6-BC9589AD2E15}.JustRun|x86.ActiveCfg = Release|Any CPU
		{B8E967AC-4DF6-4247-83E6-BC9589AD2E15}.Release|Any CPU.ActiveCfg = Release|Any CPU
		{B8E967AC-4DF6-4247-83E6-BC9589AD2E15}.Release|Any CPU.Build.0 = Release|Any CPU
		{B8E967AC-4DF6-4247-83E6-BC9589AD2E15}.Release|Mixed Platforms.ActiveCfg = Release|Any CPU
		{B8E967AC-4DF6-4247-83E6-BC9589AD2E15}.Release|Mixed Platforms.Build.0 = Release|Any CPU
		{B8E967AC-4DF6-4247-83E6-BC9589AD2E15}.Release|x86.ActiveCfg = Release|Any CPU
		{92A71D19-F6AE-47CC-9E23-D65BCBB03F8A}.Debug|Any CPU.ActiveCfg = Debug|Any CPU
		{92A71D19-F6AE-47CC-9E23-D65BCBB03F8A}.Debug|Any CPU.Build.0 = Debug|Any CPU
		{92A71D19-F6AE-47CC-9E23-D65BCBB03F8A}.Debug|Mixed Platforms.ActiveCfg = Debug|Any CPU
		{92A71D19-F6AE-47CC-9E23-D65BCBB03F8A}.Debug|Mixed Platforms.Build.0 = Debug|Any CPU
		{92A71D19-F6AE-47CC-9E23-D65BCBB03F8A}.Debug|x86.ActiveCfg = Debug|Any CPU
		{92A71D19-F6AE-47CC-9E23-D65BCBB03F8A}.Debug|x86.Build.0 = Debug|Any CPU
		{92A71D19-F6AE-47CC-9E23-D65BCBB03F8A}.Full|Any CPU.ActiveCfg = Full|Any CPU
		{92A71D19-F6AE-47CC-9E23-D65BCBB03F8A}.Full|Any CPU.Build.0 = Full|Any CPU
		{92A71D19-F6AE-47CC-9E23-D65BCBB03F8A}.Full|Mixed Platforms.ActiveCfg = Full|Any CPU
		{92A71D19-F6AE-47CC-9E23-D65BCBB03F8A}.Full|Mixed Platforms.Build.0 = Full|Any CPU
		{92A71D19-F6AE-47CC-9E23-D65BCBB03F8A}.Full|x86.ActiveCfg = Full|Any CPU
		{92A71D19-F6AE-47CC-9E23-D65BCBB03F8A}.Incremental|Any CPU.ActiveCfg = Incremental|Any CPU
		{92A71D19-F6AE-47CC-9E23-D65BCBB03F8A}.Incremental|Any CPU.Build.0 = Incremental|Any CPU
		{92A71D19-F6AE-47CC-9E23-D65BCBB03F8A}.Incremental|Mixed Platforms.ActiveCfg = Incremental|Any CPU
		{92A71D19-F6AE-47CC-9E23-D65BCBB03F8A}.Incremental|Mixed Platforms.Build.0 = Incremental|Any CPU
		{92A71D19-F6AE-47CC-9E23-D65BCBB03F8A}.Incremental|x86.ActiveCfg = Incremental|Any CPU
		{92A71D19-F6AE-47CC-9E23-D65BCBB03F8A}.JustRun|Any CPU.ActiveCfg = JustRun|Any CPU
		{92A71D19-F6AE-47CC-9E23-D65BCBB03F8A}.JustRun|Any CPU.Build.0 = JustRun|Any CPU
		{92A71D19-F6AE-47CC-9E23-D65BCBB03F8A}.JustRun|Mixed Platforms.ActiveCfg = JustRun|Any CPU
		{92A71D19-F6AE-47CC-9E23-D65BCBB03F8A}.JustRun|Mixed Platforms.Build.0 = JustRun|Any CPU
		{92A71D19-F6AE-47CC-9E23-D65BCBB03F8A}.JustRun|x86.ActiveCfg = JustRun|Any CPU
		{92A71D19-F6AE-47CC-9E23-D65BCBB03F8A}.Release|Any CPU.ActiveCfg = Release|Any CPU
		{92A71D19-F6AE-47CC-9E23-D65BCBB03F8A}.Release|Any CPU.Build.0 = Release|Any CPU
		{92A71D19-F6AE-47CC-9E23-D65BCBB03F8A}.Release|Mixed Platforms.ActiveCfg = Release|Any CPU
		{92A71D19-F6AE-47CC-9E23-D65BCBB03F8A}.Release|Mixed Platforms.Build.0 = Release|Any CPU
		{92A71D19-F6AE-47CC-9E23-D65BCBB03F8A}.Release|x86.ActiveCfg = Release|Any CPU
		{27B67DFE-0BF1-4435-B036-E4C083EAEA03}.Debug|Any CPU.ActiveCfg = Debug|Any CPU
		{27B67DFE-0BF1-4435-B036-E4C083EAEA03}.Debug|Any CPU.Build.0 = Debug|Any CPU
		{27B67DFE-0BF1-4435-B036-E4C083EAEA03}.Debug|Mixed Platforms.ActiveCfg = Debug|Any CPU
		{27B67DFE-0BF1-4435-B036-E4C083EAEA03}.Debug|Mixed Platforms.Build.0 = Debug|Any CPU
		{27B67DFE-0BF1-4435-B036-E4C083EAEA03}.Debug|x86.ActiveCfg = Debug|Any CPU
		{27B67DFE-0BF1-4435-B036-E4C083EAEA03}.Debug|x86.Build.0 = Debug|Any CPU
		{27B67DFE-0BF1-4435-B036-E4C083EAEA03}.Full|Any CPU.ActiveCfg = Release|Any CPU
		{27B67DFE-0BF1-4435-B036-E4C083EAEA03}.Full|Any CPU.Build.0 = Release|Any CPU
		{27B67DFE-0BF1-4435-B036-E4C083EAEA03}.Full|Mixed Platforms.ActiveCfg = Release|Any CPU
		{27B67DFE-0BF1-4435-B036-E4C083EAEA03}.Full|Mixed Platforms.Build.0 = Release|Any CPU
		{27B67DFE-0BF1-4435-B036-E4C083EAEA03}.Full|x86.ActiveCfg = Release|Any CPU
		{27B67DFE-0BF1-4435-B036-E4C083EAEA03}.Incremental|Any CPU.ActiveCfg = Release|Any CPU
		{27B67DFE-0BF1-4435-B036-E4C083EAEA03}.Incremental|Any CPU.Build.0 = Release|Any CPU
		{27B67DFE-0BF1-4435-B036-E4C083EAEA03}.Incremental|Mixed Platforms.ActiveCfg = Release|Any CPU
		{27B67DFE-0BF1-4435-B036-E4C083EAEA03}.Incremental|Mixed Platforms.Build.0 = Release|Any CPU
		{27B67DFE-0BF1-4435-B036-E4C083EAEA03}.Incremental|x86.ActiveCfg = Release|Any CPU
		{27B67DFE-0BF1-4435-B036-E4C083EAEA03}.JustRun|Any CPU.ActiveCfg = Release|Any CPU
		{27B67DFE-0BF1-4435-B036-E4C083EAEA03}.JustRun|Any CPU.Build.0 = Release|Any CPU
		{27B67DFE-0BF1-4435-B036-E4C083EAEA03}.JustRun|Mixed Platforms.ActiveCfg = Release|Any CPU
		{27B67DFE-0BF1-4435-B036-E4C083EAEA03}.JustRun|Mixed Platforms.Build.0 = Release|Any CPU
		{27B67DFE-0BF1-4435-B036-E4C083EAEA03}.JustRun|x86.ActiveCfg = Release|Any CPU
		{27B67DFE-0BF1-4435-B036-E4C083EAEA03}.Release|Any CPU.ActiveCfg = Release|Any CPU
		{27B67DFE-0BF1-4435-B036-E4C083EAEA03}.Release|Any CPU.Build.0 = Release|Any CPU
		{27B67DFE-0BF1-4435-B036-E4C083EAEA03}.Release|Mixed Platforms.ActiveCfg = Release|Any CPU
		{27B67DFE-0BF1-4435-B036-E4C083EAEA03}.Release|Mixed Platforms.Build.0 = Release|Any CPU
		{27B67DFE-0BF1-4435-B036-E4C083EAEA03}.Release|x86.ActiveCfg = Release|Any CPU
		{E7D5C246-122C-42E5-89B2-A7A704136B12}.Debug|Any CPU.ActiveCfg = Debug|Any CPU
		{E7D5C246-122C-42E5-89B2-A7A704136B12}.Debug|Any CPU.Build.0 = Debug|Any CPU
		{E7D5C246-122C-42E5-89B2-A7A704136B12}.Debug|Mixed Platforms.ActiveCfg = Debug|Any CPU
		{E7D5C246-122C-42E5-89B2-A7A704136B12}.Debug|Mixed Platforms.Build.0 = Debug|Any CPU
		{E7D5C246-122C-42E5-89B2-A7A704136B12}.Debug|x86.ActiveCfg = Debug|Any CPU
		{E7D5C246-122C-42E5-89B2-A7A704136B12}.Full|Any CPU.ActiveCfg = Release|Any CPU
		{E7D5C246-122C-42E5-89B2-A7A704136B12}.Full|Any CPU.Build.0 = Release|Any CPU
		{E7D5C246-122C-42E5-89B2-A7A704136B12}.Full|Mixed Platforms.ActiveCfg = Release|Any CPU
		{E7D5C246-122C-42E5-89B2-A7A704136B12}.Full|Mixed Platforms.Build.0 = Release|Any CPU
		{E7D5C246-122C-42E5-89B2-A7A704136B12}.Full|x86.ActiveCfg = Release|Any CPU
		{E7D5C246-122C-42E5-89B2-A7A704136B12}.Incremental|Any CPU.ActiveCfg = Release|Any CPU
		{E7D5C246-122C-42E5-89B2-A7A704136B12}.Incremental|Any CPU.Build.0 = Release|Any CPU
		{E7D5C246-122C-42E5-89B2-A7A704136B12}.Incremental|Mixed Platforms.ActiveCfg = Release|Any CPU
		{E7D5C246-122C-42E5-89B2-A7A704136B12}.Incremental|Mixed Platforms.Build.0 = Release|Any CPU
		{E7D5C246-122C-42E5-89B2-A7A704136B12}.Incremental|x86.ActiveCfg = Release|Any CPU
		{E7D5C246-122C-42E5-89B2-A7A704136B12}.JustRun|Any CPU.ActiveCfg = Release|Any CPU
		{E7D5C246-122C-42E5-89B2-A7A704136B12}.JustRun|Any CPU.Build.0 = Release|Any CPU
		{E7D5C246-122C-42E5-89B2-A7A704136B12}.JustRun|Mixed Platforms.ActiveCfg = Release|Any CPU
		{E7D5C246-122C-42E5-89B2-A7A704136B12}.JustRun|Mixed Platforms.Build.0 = Release|Any CPU
		{E7D5C246-122C-42E5-89B2-A7A704136B12}.JustRun|x86.ActiveCfg = Release|Any CPU
		{E7D5C246-122C-42E5-89B2-A7A704136B12}.Release|Any CPU.ActiveCfg = Release|Any CPU
		{E7D5C246-122C-42E5-89B2-A7A704136B12}.Release|Any CPU.Build.0 = Release|Any CPU
		{E7D5C246-122C-42E5-89B2-A7A704136B12}.Release|Mixed Platforms.ActiveCfg = Release|Any CPU
		{E7D5C246-122C-42E5-89B2-A7A704136B12}.Release|Mixed Platforms.Build.0 = Release|Any CPU
		{E7D5C246-122C-42E5-89B2-A7A704136B12}.Release|x86.ActiveCfg = Release|Any CPU
		{50FBA188-212A-400B-803E-D891527CEB15}.Debug|Any CPU.ActiveCfg = Debug|Any CPU
		{50FBA188-212A-400B-803E-D891527CEB15}.Debug|Any CPU.Build.0 = Debug|Any CPU
		{50FBA188-212A-400B-803E-D891527CEB15}.Debug|Mixed Platforms.ActiveCfg = Debug|Any CPU
		{50FBA188-212A-400B-803E-D891527CEB15}.Debug|Mixed Platforms.Build.0 = Debug|Any CPU
		{50FBA188-212A-400B-803E-D891527CEB15}.Debug|x86.ActiveCfg = Debug|Any CPU
		{50FBA188-212A-400B-803E-D891527CEB15}.Full|Any CPU.ActiveCfg = Release|Any CPU
		{50FBA188-212A-400B-803E-D891527CEB15}.Full|Any CPU.Build.0 = Release|Any CPU
		{50FBA188-212A-400B-803E-D891527CEB15}.Full|Mixed Platforms.ActiveCfg = Release|Any CPU
		{50FBA188-212A-400B-803E-D891527CEB15}.Full|Mixed Platforms.Build.0 = Release|Any CPU
		{50FBA188-212A-400B-803E-D891527CEB15}.Full|x86.ActiveCfg = Release|Any CPU
		{50FBA188-212A-400B-803E-D891527CEB15}.Incremental|Any CPU.ActiveCfg = Release|Any CPU
		{50FBA188-212A-400B-803E-D891527CEB15}.Incremental|Any CPU.Build.0 = Release|Any CPU
		{50FBA188-212A-400B-803E-D891527CEB15}.Incremental|Mixed Platforms.ActiveCfg = Release|Any CPU
		{50FBA188-212A-400B-803E-D891527CEB15}.Incremental|Mixed Platforms.Build.0 = Release|Any CPU
		{50FBA188-212A-400B-803E-D891527CEB15}.Incremental|x86.ActiveCfg = Release|Any CPU
		{50FBA188-212A-400B-803E-D891527CEB15}.JustRun|Any CPU.ActiveCfg = Release|Any CPU
		{50FBA188-212A-400B-803E-D891527CEB15}.JustRun|Any CPU.Build.0 = Release|Any CPU
		{50FBA188-212A-400B-803E-D891527CEB15}.JustRun|Mixed Platforms.ActiveCfg = Release|Any CPU
		{50FBA188-212A-400B-803E-D891527CEB15}.JustRun|Mixed Platforms.Build.0 = Release|Any CPU
		{50FBA188-212A-400B-803E-D891527CEB15}.JustRun|x86.ActiveCfg = Release|Any CPU
		{50FBA188-212A-400B-803E-D891527CEB15}.Release|Any CPU.ActiveCfg = Release|Any CPU
		{50FBA188-212A-400B-803E-D891527CEB15}.Release|Any CPU.Build.0 = Release|Any CPU
		{50FBA188-212A-400B-803E-D891527CEB15}.Release|Mixed Platforms.ActiveCfg = Release|Any CPU
		{50FBA188-212A-400B-803E-D891527CEB15}.Release|Mixed Platforms.Build.0 = Release|Any CPU
		{50FBA188-212A-400B-803E-D891527CEB15}.Release|x86.ActiveCfg = Release|Any CPU
		{0FE10AA6-D73E-4C3D-A331-258F21B220E3}.Debug|Any CPU.ActiveCfg = Debug|Any CPU
		{0FE10AA6-D73E-4C3D-A331-258F21B220E3}.Debug|Any CPU.Build.0 = Debug|Any CPU
		{0FE10AA6-D73E-4C3D-A331-258F21B220E3}.Debug|Mixed Platforms.ActiveCfg = Debug|Any CPU
		{0FE10AA6-D73E-4C3D-A331-258F21B220E3}.Debug|Mixed Platforms.Build.0 = Debug|Any CPU
		{0FE10AA6-D73E-4C3D-A331-258F21B220E3}.Debug|x86.ActiveCfg = Debug|Any CPU
		{0FE10AA6-D73E-4C3D-A331-258F21B220E3}.Full|Any CPU.ActiveCfg = Release|Any CPU
		{0FE10AA6-D73E-4C3D-A331-258F21B220E3}.Full|Any CPU.Build.0 = Release|Any CPU
		{0FE10AA6-D73E-4C3D-A331-258F21B220E3}.Full|Mixed Platforms.ActiveCfg = Release|Any CPU
		{0FE10AA6-D73E-4C3D-A331-258F21B220E3}.Full|Mixed Platforms.Build.0 = Release|Any CPU
		{0FE10AA6-D73E-4C3D-A331-258F21B220E3}.Full|x86.ActiveCfg = Release|Any CPU
		{0FE10AA6-D73E-4C3D-A331-258F21B220E3}.Incremental|Any CPU.ActiveCfg = Release|Any CPU
		{0FE10AA6-D73E-4C3D-A331-258F21B220E3}.Incremental|Any CPU.Build.0 = Release|Any CPU
		{0FE10AA6-D73E-4C3D-A331-258F21B220E3}.Incremental|Mixed Platforms.ActiveCfg = Release|Any CPU
		{0FE10AA6-D73E-4C3D-A331-258F21B220E3}.Incremental|Mixed Platforms.Build.0 = Release|Any CPU
		{0FE10AA6-D73E-4C3D-A331-258F21B220E3}.Incremental|x86.ActiveCfg = Release|Any CPU
		{0FE10AA6-D73E-4C3D-A331-258F21B220E3}.JustRun|Any CPU.ActiveCfg = Release|Any CPU
		{0FE10AA6-D73E-4C3D-A331-258F21B220E3}.JustRun|Any CPU.Build.0 = Release|Any CPU
		{0FE10AA6-D73E-4C3D-A331-258F21B220E3}.JustRun|Mixed Platforms.ActiveCfg = Release|Any CPU
		{0FE10AA6-D73E-4C3D-A331-258F21B220E3}.JustRun|Mixed Platforms.Build.0 = Release|Any CPU
		{0FE10AA6-D73E-4C3D-A331-258F21B220E3}.JustRun|x86.ActiveCfg = Release|Any CPU
		{0FE10AA6-D73E-4C3D-A331-258F21B220E3}.Release|Any CPU.ActiveCfg = Release|Any CPU
		{0FE10AA6-D73E-4C3D-A331-258F21B220E3}.Release|Any CPU.Build.0 = Release|Any CPU
		{0FE10AA6-D73E-4C3D-A331-258F21B220E3}.Release|Mixed Platforms.ActiveCfg = Release|Any CPU
		{0FE10AA6-D73E-4C3D-A331-258F21B220E3}.Release|Mixed Platforms.Build.0 = Release|Any CPU
		{0FE10AA6-D73E-4C3D-A331-258F21B220E3}.Release|x86.ActiveCfg = Release|Any CPU
	EndGlobalSection
	GlobalSection(SolutionProperties) = preSolution
		HideSolutionNode = FALSE
	EndGlobalSection
	GlobalSection(NestedProjects) = preSolution
		{7AC63864-7638-41C4-969C-D3197EF2BED9} = {2C70907B-92F6-4E6F-A318-974324EED0B1}
		{92A71D19-F6AE-47CC-9E23-D65BCBB03F8A} = {2C70907B-92F6-4E6F-A318-974324EED0B1}
		{27B67DFE-0BF1-4435-B036-E4C083EAEA03} = {2C70907B-92F6-4E6F-A318-974324EED0B1}
		{E7D5C246-122C-42E5-89B2-A7A704136B12} = {2C70907B-92F6-4E6F-A318-974324EED0B1}
		{50FBA188-212A-400B-803E-D891527CEB15} = {2C70907B-92F6-4E6F-A318-974324EED0B1}
		{0FE10AA6-D73E-4C3D-A331-258F21B220E3} = {2C70907B-92F6-4E6F-A318-974324EED0B1}
		{2660BA4D-E3AF-4038-855D-AB1F2C045ECD} = {AB064C38-F98E-4118-91C6-29DF7DC5E0FA}
		{B8E967AC-4DF6-4247-83E6-BC9589AD2E15} = {AB064C38-F98E-4118-91C6-29DF7DC5E0FA}
	EndGlobalSection
EndGlobal
