
Microsoft Visual Studio Solution File, Format Version 11.00
# Visual Studio 2010
Project("{FAE04EC0-301F-11D3-BF4B-00C04F79EFBC}") = "FlashCard", "FlashCard\FlashCard.csproj", "{12E8717A-F3D1-4830-B3B9-C4141376D6A0}"
EndProject
Project("{2150E333-8FDC-42A3-9474-1A3956D46DE8}") = "FlashCard.Core", "FlashCard.Core", "{2C70907B-92F6-4E6F-A318-974324EED0B1}"
EndProject
Project("{FAE04EC0-301F-11D3-BF4B-00C04F79EFBC}") = "NotifyIconWpf", "FlashCare.Core\NotifyIconWpf\NotifyIconWpf.csproj", "{7AC63864-7638-41C4-969C-D3197EF2BED9}"
EndProject
Project("{FAE04EC0-301F-11D3-BF4B-00C04F79EFBC}") = "MVVMHelper", "FlashCare.Core\MVVMHelper\MVVMHelper.csproj", "{92A71D19-F6AE-47CC-9E23-D65BCBB03F8A}"
EndProject
Project("{FAE04EC0-301F-11D3-BF4B-00C04F79EFBC}") = "WpfApplicationFramework", "FlashCare.Core\WpfApplicationFramework\WpfApplicationFramework.csproj", "{27B67DFE-0BF1-4435-B036-E4C083EAEA03}"
EndProject
Project("{FAE04EC0-301F-11D3-BF4B-00C04F79EFBC}") = "ConvertToText", "ConvertToText\ConvertToText.csproj", "{74B9A4AF-640F-4DFB-8B55-BD53B076BE86}"
EndProject
Project("{2150E333-8FDC-42A3-9474-1A3956D46DE8}") = "FlashCard.Deloyment", "FlashCard.Deloyment", "{3C6C226C-C55D-4723-8301-869FD5C14402}"
EndProject
Project("{2150E333-8FDC-42A3-9474-1A3956D46DE8}") = "FlashCard.App", "FlashCard.App", "{EF21B811-A1C3-4704-A241-8482B9628A06}"
EndProject
Project("{54435603-DBB4-11D2-8724-00A0C9A8B90C}") = "SmartFlashCard", "SmartFlashCard\SmartFlashCard.vdproj", "{69B02B2A-E853-40C9-8FE9-5F5033A60ABC}"
EndProject
Global
	GlobalSection(TestCaseManagementSettings) = postSolution
		CategoryFile = FlashCard.vsmdi
	EndGlobalSection
	GlobalSection(SolutionConfigurationPlatforms) = preSolution
		Debug|Any CPU = Debug|Any CPU
		Debug|Mixed Platforms = Debug|Mixed Platforms
		Debug|x86 = Debug|x86
		Full|Any CPU = Full|Any CPU
		Full|Mixed Platforms = Full|Mixed Platforms
		Full|x86 = Full|x86
		Incremental|Any CPU = Incremental|Any CPU
		Incremental|Mixed Platforms = Incremental|Mixed Platforms
		Incremental|x86 = Incremental|x86
		JustRun|Any CPU = JustRun|Any CPU
		JustRun|Mixed Platforms = JustRun|Mixed Platforms
		JustRun|x86 = JustRun|x86
		Release|Any CPU = Release|Any CPU
		Release|Mixed Platforms = Release|Mixed Platforms
		Release|x86 = Release|x86
	EndGlobalSection
	GlobalSection(ProjectConfigurationPlatforms) = postSolution
		{12E8717A-F3D1-4830-B3B9-C4141376D6A0}.Debug|Any CPU.ActiveCfg = Debug|x86
		{12E8717A-F3D1-4830-B3B9-C4141376D6A0}.Debug|Mixed Platforms.ActiveCfg = Debug|x86
		{12E8717A-F3D1-4830-B3B9-C4141376D6A0}.Debug|x86.ActiveCfg = Debug|x86
		{12E8717A-F3D1-4830-B3B9-C4141376D6A0}.Debug|x86.Build.0 = Debug|x86
		{12E8717A-F3D1-4830-B3B9-C4141376D6A0}.Full|Any CPU.ActiveCfg = Release|x86
		{12E8717A-F3D1-4830-B3B9-C4141376D6A0}.Full|Mixed Platforms.ActiveCfg = Release|x86
		{12E8717A-F3D1-4830-B3B9-C4141376D6A0}.Full|x86.ActiveCfg = Release|x86
		{12E8717A-F3D1-4830-B3B9-C4141376D6A0}.Incremental|Any CPU.ActiveCfg = Release|x86
		{12E8717A-F3D1-4830-B3B9-C4141376D6A0}.Incremental|Mixed Platforms.ActiveCfg = Release|x86
		{12E8717A-F3D1-4830-B3B9-C4141376D6A0}.Incremental|x86.ActiveCfg = Release|x86
		{12E8717A-F3D1-4830-B3B9-C4141376D6A0}.JustRun|Any CPU.ActiveCfg = Release|x86
		{12E8717A-F3D1-4830-B3B9-C4141376D6A0}.JustRun|Mixed Platforms.ActiveCfg = Release|x86
		{12E8717A-F3D1-4830-B3B9-C4141376D6A0}.JustRun|x86.ActiveCfg = Release|x86
		{12E8717A-F3D1-4830-B3B9-C4141376D6A0}.Release|Any CPU.ActiveCfg = Release|x86
		{12E8717A-F3D1-4830-B3B9-C4141376D6A0}.Release|Mixed Platforms.ActiveCfg = Release|x86
		{12E8717A-F3D1-4830-B3B9-C4141376D6A0}.Release|x86.ActiveCfg = Release|x86
		{7AC63864-7638-41C4-969C-D3197EF2BED9}.Debug|Any CPU.ActiveCfg = Debug|Any CPU
		{7AC63864-7638-41C4-969C-D3197EF2BED9}.Debug|Any CPU.Build.0 = Debug|Any CPU
		{7AC63864-7638-41C4-969C-D3197EF2BED9}.Debug|Mixed Platforms.ActiveCfg = Debug|Any CPU
		{7AC63864-7638-41C4-969C-D3197EF2BED9}.Debug|Mixed Platforms.Build.0 = Debug|Any CPU
		{7AC63864-7638-41C4-969C-D3197EF2BED9}.Debug|x86.ActiveCfg = Debug|Any CPU
		{7AC63864-7638-41C4-969C-D3197EF2BED9}.Debug|x86.Build.0 = Debug|Any CPU
		{7AC63864-7638-41C4-969C-D3197EF2BED9}.Full|Any CPU.ActiveCfg = Release|Any CPU
		{7AC63864-7638-41C4-969C-D3197EF2BED9}.Full|Any CPU.Build.0 = Release|Any CPU
		{7AC63864-7638-41C4-969C-D3197EF2BED9}.Full|Mixed Platforms.ActiveCfg = Release|Any CPU
		{7AC63864-7638-41C4-969C-D3197EF2BED9}.Full|Mixed Platforms.Build.0 = Release|Any CPU
		{7AC63864-7638-41C4-969C-D3197EF2BED9}.Full|x86.ActiveCfg = Release|Any CPU
		{7AC63864-7638-41C4-969C-D3197EF2BED9}.Full|x86.Build.0 = Release|Any CPU
		{7AC63864-7638-41C4-969C-D3197EF2BED9}.Incremental|Any CPU.ActiveCfg = Release|Any CPU
		{7AC63864-7638-41C4-969C-D3197EF2BED9}.Incremental|Any CPU.Build.0 = Release|Any CPU
		{7AC63864-7638-41C4-969C-D3197EF2BED9}.Incremental|Mixed Platforms.ActiveCfg = Release|Any CPU
		{7AC63864-7638-41C4-969C-D3197EF2BED9}.Incremental|Mixed Platforms.Build.0 = Release|Any CPU
		{7AC63864-7638-41C4-969C-D3197EF2BED9}.Incremental|x86.ActiveCfg = Release|Any CPU
		{7AC63864-7638-41C4-969C-D3197EF2BED9}.JustRun|Any CPU.ActiveCfg = Release|Any CPU
		{7AC63864-7638-41C4-969C-D3197EF2BED9}.JustRun|Any CPU.Build.0 = Release|Any CPU
		{7AC63864-7638-41C4-969C-D3197EF2BED9}.JustRun|Mixed Platforms.ActiveCfg = Release|Any CPU
		{7AC63864-7638-41C4-969C-D3197EF2BED9}.JustRun|Mixed Platforms.Build.0 = Release|Any CPU
		{7AC63864-7638-41C4-969C-D3197EF2BED9}.JustRun|x86.ActiveCfg = Release|Any CPU
		{7AC63864-7638-41C4-969C-D3197EF2BED9}.Release|Any CPU.ActiveCfg = Release|Any CPU
		{7AC63864-7638-41C4-969C-D3197EF2BED9}.Release|Any CPU.Build.0 = Release|Any CPU
		{7AC63864-7638-41C4-969C-D3197EF2BED9}.Release|Mixed Platforms.ActiveCfg = Release|Any CPU
		{7AC63864-7638-41C4-969C-D3197EF2BED9}.Release|Mixed Platforms.Build.0 = Release|Any CPU
		{7AC63864-7638-41C4-969C-D3197EF2BED9}.Release|x86.ActiveCfg = Release|Any CPU
		{92A71D19-F6AE-47CC-9E23-D65BCBB03F8A}.Debug|Any CPU.ActiveCfg = Debug|Any CPU
		{92A71D19-F6AE-47CC-9E23-D65BCBB03F8A}.Debug|Any CPU.Build.0 = Debug|Any CPU
		{92A71D19-F6AE-47CC-9E23-D65BCBB03F8A}.Debug|Mixed Platforms.ActiveCfg = Debug|Any CPU
		{92A71D19-F6AE-47CC-9E23-D65BCBB03F8A}.Debug|Mixed Platforms.Build.0 = Debug|Any CPU
		{92A71D19-F6AE-47CC-9E23-D65BCBB03F8A}.Debug|x86.ActiveCfg = Debug|Any CPU
		{92A71D19-F6AE-47CC-9E23-D65BCBB03F8A}.Debug|x86.Build.0 = Debug|Any CPU
		{92A71D19-F6AE-47CC-9E23-D65BCBB03F8A}.Full|Any CPU.ActiveCfg = Full|Any CPU
		{92A71D19-F6AE-47CC-9E23-D65BCBB03F8A}.Full|Any CPU.Build.0 = Full|Any CPU
		{92A71D19-F6AE-47CC-9E23-D65BCBB03F8A}.Full|Mixed Platforms.ActiveCfg = Full|Any CPU
		{92A71D19-F6AE-47CC-9E23-D65BCBB03F8A}.Full|Mixed Platforms.Build.0 = Full|Any CPU
		{92A71D19-F6AE-47CC-9E23-D65BCBB03F8A}.Full|x86.ActiveCfg = Full|Any CPU
		{92A71D19-F6AE-47CC-9E23-D65BCBB03F8A}.Full|x86.Build.0 = Full|Any CPU
		{92A71D19-F6AE-47CC-9E23-D65BCBB03F8A}.Incremental|Any CPU.ActiveCfg = Incremental|Any CPU
		{92A71D19-F6AE-47CC-9E23-D65BCBB03F8A}.Incremental|Any CPU.Build.0 = Incremental|Any CPU
		{92A71D19-F6AE-47CC-9E23-D65BCBB03F8A}.Incremental|Mixed Platforms.ActiveCfg = Incremental|Any CPU
		{92A71D19-F6AE-47CC-9E23-D65BCBB03F8A}.Incremental|Mixed Platforms.Build.0 = Incremental|Any CPU
		{92A71D19-F6AE-47CC-9E23-D65BCBB03F8A}.Incremental|x86.ActiveCfg = Incremental|Any CPU
		{92A71D19-F6AE-47CC-9E23-D65BCBB03F8A}.JustRun|Any CPU.ActiveCfg = JustRun|Any CPU
		{92A71D19-F6AE-47CC-9E23-D65BCBB03F8A}.JustRun|Any CPU.Build.0 = JustRun|Any CPU
		{92A71D19-F6AE-47CC-9E23-D65BCBB03F8A}.JustRun|Mixed Platforms.ActiveCfg = JustRun|Any CPU
		{92A71D19-F6AE-47CC-9E23-D65BCBB03F8A}.JustRun|Mixed Platforms.Build.0 = JustRun|Any CPU
		{92A71D19-F6AE-47CC-9E23-D65BCBB03F8A}.JustRun|x86.ActiveCfg = JustRun|Any CPU
		{92A71D19-F6AE-47CC-9E23-D65BCBB03F8A}.Release|Any CPU.ActiveCfg = Release|Any CPU
		{92A71D19-F6AE-47CC-9E23-D65BCBB03F8A}.Release|Any CPU.Build.0 = Release|Any CPU
		{92A71D19-F6AE-47CC-9E23-D65BCBB03F8A}.Release|Mixed Platforms.ActiveCfg = Release|Any CPU
		{92A71D19-F6AE-47CC-9E23-D65BCBB03F8A}.Release|Mixed Platforms.Build.0 = Release|Any CPU
		{92A71D19-F6AE-47CC-9E23-D65BCBB03F8A}.Release|x86.ActiveCfg = Release|Any CPU
		{27B67DFE-0BF1-4435-B036-E4C083EAEA03}.Debug|Any CPU.ActiveCfg = Debug|Any CPU
		{27B67DFE-0BF1-4435-B036-E4C083EAEA03}.Debug|Any CPU.Build.0 = Debug|Any CPU
		{27B67DFE-0BF1-4435-B036-E4C083EAEA03}.Debug|Mixed Platforms.ActiveCfg = Debug|Any CPU
		{27B67DFE-0BF1-4435-B036-E4C083EAEA03}.Debug|Mixed Platforms.Build.0 = Debug|Any CPU
		{27B67DFE-0BF1-4435-B036-E4C083EAEA03}.Debug|x86.ActiveCfg = Debug|Any CPU
		{27B67DFE-0BF1-4435-B036-E4C083EAEA03}.Debug|x86.Build.0 = Debug|Any CPU
		{27B67DFE-0BF1-4435-B036-E4C083EAEA03}.Full|Any CPU.ActiveCfg = Release|Any CPU
		{27B67DFE-0BF1-4435-B036-E4C083EAEA03}.Full|Any CPU.Build.0 = Release|Any CPU
		{27B67DFE-0BF1-4435-B036-E4C083EAEA03}.Full|Mixed Platforms.ActiveCfg = Release|Any CPU
		{27B67DFE-0BF1-4435-B036-E4C083EAEA03}.Full|Mixed Platforms.Build.0 = Release|Any CPU
		{27B67DFE-0BF1-4435-B036-E4C083EAEA03}.Full|x86.ActiveCfg = Release|Any CPU
		{27B67DFE-0BF1-4435-B036-E4C083EAEA03}.Full|x86.Build.0 = Release|Any CPU
		{27B67DFE-0BF1-4435-B036-E4C083EAEA03}.Incremental|Any CPU.ActiveCfg = Release|Any CPU
		{27B67DFE-0BF1-4435-B036-E4C083EAEA03}.Incremental|Any CPU.Build.0 = Release|Any CPU
		{27B67DFE-0BF1-4435-B036-E4C083EAEA03}.Incremental|Mixed Platforms.ActiveCfg = Release|Any CPU
		{27B67DFE-0BF1-4435-B036-E4C083EAEA03}.Incremental|Mixed Platforms.Build.0 = Release|Any CPU
		{27B67DFE-0BF1-4435-B036-E4C083EAEA03}.Incremental|x86.ActiveCfg = Release|Any CPU
		{27B67DFE-0BF1-4435-B036-E4C083EAEA03}.JustRun|Any CPU.ActiveCfg = Release|Any CPU
		{27B67DFE-0BF1-4435-B036-E4C083EAEA03}.JustRun|Any CPU.Build.0 = Release|Any CPU
		{27B67DFE-0BF1-4435-B036-E4C083EAEA03}.JustRun|Mixed Platforms.ActiveCfg = Release|Any CPU
		{27B67DFE-0BF1-4435-B036-E4C083EAEA03}.JustRun|Mixed Platforms.Build.0 = Release|Any CPU
		{27B67DFE-0BF1-4435-B036-E4C083EAEA03}.JustRun|x86.ActiveCfg = Release|Any CPU
		{27B67DFE-0BF1-4435-B036-E4C083EAEA03}.Release|Any CPU.ActiveCfg = Release|Any CPU
		{27B67DFE-0BF1-4435-B036-E4C083EAEA03}.Release|Any CPU.Build.0 = Release|Any CPU
		{27B67DFE-0BF1-4435-B036-E4C083EAEA03}.Release|Mixed Platforms.ActiveCfg = Release|Any CPU
		{27B67DFE-0BF1-4435-B036-E4C083EAEA03}.Release|Mixed Platforms.Build.0 = Release|Any CPU
		{27B67DFE-0BF1-4435-B036-E4C083EAEA03}.Release|x86.ActiveCfg = Release|Any CPU
		{74B9A4AF-640F-4DFB-8B55-BD53B076BE86}.Debug|Any CPU.ActiveCfg = Debug|x86
		{74B9A4AF-640F-4DFB-8B55-BD53B076BE86}.Debug|Mixed Platforms.ActiveCfg = Debug|x86
		{74B9A4AF-640F-4DFB-8B55-BD53B076BE86}.Debug|Mixed Platforms.Build.0 = Debug|x86
		{74B9A4AF-640F-4DFB-8B55-BD53B076BE86}.Debug|x86.ActiveCfg = Debug|x86
		{74B9A4AF-640F-4DFB-8B55-BD53B076BE86}.Debug|x86.Build.0 = Debug|x86
		{74B9A4AF-640F-4DFB-8B55-BD53B076BE86}.Full|Any CPU.ActiveCfg = Release|x86
		{74B9A4AF-640F-4DFB-8B55-BD53B076BE86}.Full|Mixed Platforms.ActiveCfg = Release|x86
		{74B9A4AF-640F-4DFB-8B55-BD53B076BE86}.Full|Mixed Platforms.Build.0 = Release|x86
		{74B9A4AF-640F-4DFB-8B55-BD53B076BE86}.Full|x86.ActiveCfg = Release|x86
		{74B9A4AF-640F-4DFB-8B55-BD53B076BE86}.Full|x86.Build.0 = Release|x86
		{74B9A4AF-640F-4DFB-8B55-BD53B076BE86}.Incremental|Any CPU.ActiveCfg = Release|x86
		{74B9A4AF-640F-4DFB-8B55-BD53B076BE86}.Incremental|Mixed Platforms.ActiveCfg = Release|x86
		{74B9A4AF-640F-4DFB-8B55-BD53B076BE86}.Incremental|Mixed Platforms.Build.0 = Release|x86
		{74B9A4AF-640F-4DFB-8B55-BD53B076BE86}.Incremental|x86.ActiveCfg = Release|x86
		{74B9A4AF-640F-4DFB-8B55-BD53B076BE86}.Incremental|x86.Build.0 = Release|x86
		{74B9A4AF-640F-4DFB-8B55-BD53B076BE86}.JustRun|Any CPU.ActiveCfg = Release|x86
		{74B9A4AF-640F-4DFB-8B55-BD53B076BE86}.JustRun|Mixed Platforms.ActiveCfg = Release|x86
		{74B9A4AF-640F-4DFB-8B55-BD53B076BE86}.JustRun|Mixed Platforms.Build.0 = Release|x86
		{74B9A4AF-640F-4DFB-8B55-BD53B076BE86}.JustRun|x86.ActiveCfg = Release|x86
		{74B9A4AF-640F-4DFB-8B55-BD53B076BE86}.JustRun|x86.Build.0 = Release|x86
		{74B9A4AF-640F-4DFB-8B55-BD53B076BE86}.Release|Any CPU.ActiveCfg = Release|x86
		{74B9A4AF-640F-4DFB-8B55-BD53B076BE86}.Release|Mixed Platforms.ActiveCfg = Release|x86
		{74B9A4AF-640F-4DFB-8B55-BD53B076BE86}.Release|Mixed Platforms.Build.0 = Release|x86
		{74B9A4AF-640F-4DFB-8B55-BD53B076BE86}.Release|x86.ActiveCfg = Release|x86
		{74B9A4AF-640F-4DFB-8B55-BD53B076BE86}.Release|x86.Build.0 = Release|x86
		{69B02B2A-E853-40C9-8FE9-5F5033A60ABC}.Debug|Any CPU.ActiveCfg = Debug
		{69B02B2A-E853-40C9-8FE9-5F5033A60ABC}.Debug|Mixed Platforms.ActiveCfg = Debug
		{69B02B2A-E853-40C9-8FE9-5F5033A60ABC}.Debug|x86.ActiveCfg = Debug
		{69B02B2A-E853-40C9-8FE9-5F5033A60ABC}.Full|Any CPU.ActiveCfg = Release
		{69B02B2A-E853-40C9-8FE9-5F5033A60ABC}.Full|Mixed Platforms.ActiveCfg = Release
		{69B02B2A-E853-40C9-8FE9-5F5033A60ABC}.Full|x86.ActiveCfg = Release
		{69B02B2A-E853-40C9-8FE9-5F5033A60ABC}.Incremental|Any CPU.ActiveCfg = Release
		{69B02B2A-E853-40C9-8FE9-5F5033A60ABC}.Incremental|Mixed Platforms.ActiveCfg = Release
		{69B02B2A-E853-40C9-8FE9-5F5033A60ABC}.Incremental|x86.ActiveCfg = Release
		{69B02B2A-E853-40C9-8FE9-5F5033A60ABC}.JustRun|Any CPU.ActiveCfg = Release
		{69B02B2A-E853-40C9-8FE9-5F5033A60ABC}.JustRun|Mixed Platforms.ActiveCfg = Release
		{69B02B2A-E853-40C9-8FE9-5F5033A60ABC}.JustRun|x86.ActiveCfg = Release
		{69B02B2A-E853-40C9-8FE9-5F5033A60ABC}.Release|Any CPU.ActiveCfg = Release
		{69B02B2A-E853-40C9-8FE9-5F5033A60ABC}.Release|Mixed Platforms.ActiveCfg = Release
		{69B02B2A-E853-40C9-8FE9-5F5033A60ABC}.Release|x86.ActiveCfg = Release
	EndGlobalSection
	GlobalSection(SolutionProperties) = preSolution
		HideSolutionNode = FALSE
	EndGlobalSection
	GlobalSection(NestedProjects) = preSolution
		{12E8717A-F3D1-4830-B3B9-C4141376D6A0} = {EF21B811-A1C3-4704-A241-8482B9628A06}
		{7AC63864-7638-41C4-969C-D3197EF2BED9} = {2C70907B-92F6-4E6F-A318-974324EED0B1}
		{92A71D19-F6AE-47CC-9E23-D65BCBB03F8A} = {2C70907B-92F6-4E6F-A318-974324EED0B1}
		{27B67DFE-0BF1-4435-B036-E4C083EAEA03} = {2C70907B-92F6-4E6F-A318-974324EED0B1}
		{69B02B2A-E853-40C9-8FE9-5F5033A60ABC} = {3C6C226C-C55D-4723-8301-869FD5C14402}
	EndGlobalSection
EndGlobal
